
Microsoft Visual Studio Solution File, Format Version 12.00
# Visual Studio 15
VisualStudioVersion = 15.0.28010.2016
MinimumVisualStudioVersion = 10.0.40219.1
Project("{FAE04EC0-301F-11D3-BF4B-00C04F79EFBC}") = "SOA - Assignment 2 - Web Services", "jhuras_mmaxner_SOA_a2\SOA - Assignment 2 - Web Services.csproj", "{DEDA173D-D03A-4F7C-9F53-ACA94D1EC8B7}"
EndProject
Global
	GlobalSection(SolutionConfigurationPlatforms) = preSolution
		Debug|Any CPU = Debug|Any CPU
		Release|Any CPU = Release|Any CPU
	EndGlobalSection
	GlobalSection(ProjectConfigurationPlatforms) = postSolution
		{DEDA173D-D03A-4F7C-9F53-ACA94D1EC8B7}.Debug|Any CPU.ActiveCfg = Debug|Any CPU
		{DEDA173D-D03A-4F7C-9F53-ACA94D1EC8B7}.Debug|Any CPU.Build.0 = Debug|Any CPU
		{DEDA173D-D03A-4F7C-9F53-ACA94D1EC8B7}.Release|Any CPU.ActiveCfg = Release|Any CPU
		{DEDA173D-D03A-4F7C-9F53-ACA94D1EC8B7}.Release|Any CPU.Build.0 = Release|Any CPU
	EndGlobalSection
	GlobalSection(SolutionProperties) = preSolution
		HideSolutionNode = FALSE
	EndGlobalSection
	GlobalSection(ExtensibilityGlobals) = postSolution
		SolutionGuid = {A4A0A9AB-5384-4164-8CCC-771A340A9321}
	EndGlobalSection
EndGlobal
